# generated by rye
# use `rye lock` or `rye sync` to update this lockfile
#
# last locked with the following flags:
#   pre: false
#   features: []
#   all-features: false
#   with-sources: false
#   generate-hashes: false
#   universal: false

-e file:.
ast-serialize==0.5.0
    # via mypy
iniconfig==2.3.0
    # via pytest
librt==0.11.0
    # via mypy
mypy==2.1.0
mypy-extensions==1.1.0
    # via mypy
numpy==2.4.6
    # via libsonare
packaging==26.0
    # via pytest
pathspec==1.1.1
    # via mypy
pluggy==1.6.0
    # via pytest
pygments==2.19.2
    # via pytest
pytest==9.0.2
ruff==0.15.14
typing-extensions==4.15.0
    # via mypy
