# generated by rye
# use `rye lock` or `rye sync` to update this lockfile
#
# last locked with the following flags:
#   pre: false
#   features: []
#   all-features: false
#   with-sources: false
#   generate-hashes: false
#   universal: false

audioread==3.1.0
    # via librosa
certifi==2026.4.22
    # via requests
cffi==2.0.0
    # via soundfile
charset-normalizer==3.4.7
    # via requests
decorator==5.2.1
    # via librosa
idna==3.14
    # via requests
joblib==1.5.3
    # via librosa
    # via scikit-learn
lazy-loader==0.5
    # via librosa
librosa==0.11.0
llvmlite==0.47.0
    # via numba
msgpack==1.1.2
    # via librosa
numba==0.65.1
    # via librosa
numpy==2.4.4
    # via librosa
    # via numba
    # via scikit-learn
    # via scipy
    # via soundfile
    # via soxr
packaging==26.2
    # via lazy-loader
    # via pooch
    # via wheel
platformdirs==4.9.6
    # via pooch
pooch==1.9.0
    # via librosa
pycparser==3.0
    # via cffi
requests==2.33.1
    # via pooch
scikit-learn==1.8.0
    # via librosa
scipy==1.17.1
    # via librosa
    # via scikit-learn
soundfile==0.13.1
    # via librosa
soxr==1.1.0
    # via librosa
threadpoolctl==3.6.0
    # via scikit-learn
typing-extensions==4.15.0
    # via librosa
urllib3==2.7.0
    # via requests
wheel==0.47.0
